<?xml version="1.0" encoding="utf-8"?>
<Project ToolsVersion="4.0" xmlns="http://schemas.microsoft.com/developer/msbuild/2003">
  <ItemGroup>
    <Filter Include="Source Files">
      <UniqueIdentifier>{4FC737F1-C7A5-4376-A066-2A32D752A2FF}</UniqueIdentifier>
      <Extensions>cpp;c;cc;cxx;def;odl;idl;hpj;bat;asm;asmx</Extensions>
    </Filter>
    <Filter Include="Header Files">
      <UniqueIdentifier>{93995380-89BD-4b04-88EB-625FBE52EBFB}</UniqueIdentifier>
      <Extensions>h;hpp;hxx;hm;inl;inc;xsd</Extensions>
    </Filter>
    <Filter Include="Resource Files">
      <UniqueIdentifier>{67DA6AB6-F800-4c08-8B7A-83BB121AAD01}</UniqueIdentifier>
      <Extensions>rc;ico;cur;bmp;dlg;rc2;rct;bin;rgs;gif;jpg;jpeg;jpe;resx;tiff;tif;png;wav</Extensions>
    </Filter>
  </ItemGroup>
  <ItemGroup>
    <ClCompile Include="..\sources\Adb\adb.cpp">
      <Filter>Source Files</Filter>
    </ClCompile>
    <ClCompile Include="..\sources\Adb\adb_auth_host.cpp">
      <Filter>Source Files</Filter>
    </ClCompile>
    <ClCompile Include="..\sources\Adb\adb_client.cpp">
      <Filter>Source Files</Filter>
    </ClCompile>
    <ClCompile Include="..\sources\Adb\centraldir.cpp">
      <Filter>Source Files</Filter>
    </ClCompile>
    <ClCompile Include="..\sources\Adb\commandline.cpp">
      <Filter>Source Files</Filter>
    </ClCompile>
    <ClCompile Include="..\sources\Adb\console.cpp">
      <Filter>Source Files</Filter>
    </ClCompile>
    <ClCompile Include="..\sources\Adb\file_sync_client.cpp">
      <Filter>Source Files</Filter>
    </ClCompile>
    <ClCompile Include="..\sources\Adb\get_my_path_windows.cpp">
      <Filter>Source Files</Filter>
    </ClCompile>
    <ClCompile Include="..\sources\Adb\list.cpp">
      <Filter>Source Files</Filter>
    </ClCompile>
    <ClCompile Include="..\sources\Adb\services.cpp">
      <Filter>Source Files</Filter>
    </ClCompile>
    <ClCompile Include="..\sources\Adb\sockets.cpp">
      <Filter>Source Files</Filter>
    </ClCompile>
    <ClCompile Include="..\sources\Adb\sysdeps_win32.cpp">
      <Filter>Source Files</Filter>
    </ClCompile>
    <ClCompile Include="..\sources\Adb\transport.cpp">
      <Filter>Source Files</Filter>
    </ClCompile>
    <ClCompile Include="..\sources\Adb\transport_local.cpp">
      <Filter>Source Files</Filter>
    </ClCompile>
    <ClCompile Include="..\sources\Adb\transport_usb.cpp">
      <Filter>Source Files</Filter>
    </ClCompile>
    <ClCompile Include="..\sources\Adb\usb_vendors.cpp">
      <Filter>Source Files</Filter>
    </ClCompile>
    <ClCompile Include="..\sources\Adb\usb_windows.cpp">
      <Filter>Source Files</Filter>
    </ClCompile>
    <ClCompile Include="..\sources\Adb\utils.cpp">
      <Filter>Source Files</Filter>
    </ClCompile>
    <ClCompile Include="..\sources\Adb\zipfile.cpp">
      <Filter>Source Files</Filter>
    </ClCompile>
  </ItemGroup>
  <ItemGroup>
    <ClInclude Include="..\sources\Adb\adb.h">
      <Filter>Header Files</Filter>
    </ClInclude>
    <ClInclude Include="..\sources\Adb\adb_auth.h">
      <Filter>Header Files</Filter>
    </ClInclude>
    <ClInclude Include="..\sources\Adb\adb_client.h">
      <Filter>Header Files</Filter>
    </ClInclude>
    <ClInclude Include="..\sources\Adb\fdevent.h">
      <Filter>Header Files</Filter>
    </ClInclude>
    <ClInclude Include="..\sources\Adb\file_sync_service.h">
      <Filter>Header Files</Filter>
    </ClInclude>
    <ClInclude Include="..\sources\Adb\mutex_list.h">
      <Filter>Header Files</Filter>
    </ClInclude>
    <ClInclude Include="..\sources\Adb\private.h">
      <Filter>Header Files</Filter>
    </ClInclude>
    <ClInclude Include="..\sources\Adb\sysdeps.h">
      <Filter>Header Files</Filter>
    </ClInclude>
    <ClInclude Include="..\sources\Adb\transport.h">
      <Filter>Header Files</Filter>
    </ClInclude>
    <ClInclude Include="..\sources\Adb\usb_vendors.h">
      <Filter>Header Files</Filter>
    </ClInclude>
    <ClInclude Include="..\sources\Adb\utils.h">
      <Filter>Header Files</Filter>
    </ClInclude>
  </ItemGroup>
</Project>